
Microsoft Visual Studio Solution File, Format Version 12.00
# Visual Studio Version 17
VisualStudioVersion = 17.9.34310.174
MinimumVisualStudioVersion = 10.0.40219.1
Project("{FAE04EC0-301F-11D3-BF4B-00C04F79EFBC}") = "APIMetrics", "APIMetrics.csproj", "{443AED1F-FFDE-4458-93EB-CA66DCFD6170}"
EndProject
Global
	GlobalSection(SolutionConfigurationPlatforms) = preSolution
		Debug|Any CPU = Debug|Any CPU
		Release|Any CPU = Release|Any CPU
	EndGlobalSection
	GlobalSection(ProjectConfigurationPlatforms) = postSolution
		{443AED1F-FFDE-4458-93EB-CA66DCFD6170}.Debug|Any CPU.ActiveCfg = Debug|Any CPU
		{443AED1F-FFDE-4458-93EB-CA66DCFD6170}.Debug|Any CPU.Build.0 = Debug|Any CPU
		{443AED1F-FFDE-4458-93EB-CA66DCFD6170}.Release|Any CPU.ActiveCfg = Release|Any CPU
		{443AED1F-FFDE-4458-93EB-CA66DCFD6170}.Release|Any CPU.Build.0 = Release|Any CPU
	EndGlobalSection
	GlobalSection(SolutionProperties) = preSolution
		HideSolutionNode = FALSE
	EndGlobalSection
	GlobalSection(ExtensibilityGlobals) = postSolution
		SolutionGuid = {59FB44C1-379F-4217-BE18-59A8B17E2F64}
	EndGlobalSection
EndGlobal
